# THIS IS AN AUTOGENERATED FILE. DO NOT EDIT THIS FILE DIRECTLY.
# yarn lockfile v1


openseadragon@^3.1.0:
  version "3.1.0"
  resolved "https://registry.yarnpkg.com/openseadragon/-/openseadragon-3.1.0.tgz#152b1ed8b6b03296feeed4e0ddf084cea7d0c1f2"
  integrity sha512-0zCbRIWUbCto7xm1tv2ZLEiSl84cDU659W/sfs2zqqTqVRa4CRHzhy7i9nsv6dHA1DryFR8IzjStjmWOqRs9Rg==
